// !$*UTF8*$!
{
	archiveVersion = 1;
	classes = {
	};
	objectVersion = 50;
	objects = {

/* Begin PBXBuildFile section */
		449FCF722406AAB700AF983C /* AppDelegate.swift in Sources */ = {isa = PBXBuildFile; fileRef = 449FCF712406AAB700AF983C /* AppDelegate.swift */; };
		449FCF742406AAB700AF983C /* SceneDelegate.swift in Sources */ = {isa = PBXBuildFile; fileRef = 449FCF732406AAB700AF983C /* SceneDelegate.swift */; };
		449FCF762406AAB700AF983C /* ViewController.swift in Sources */ = {isa = PBXBuildFile; fileRef = 449FCF752406AAB700AF983C /* ViewController.swift */; };
		449FCF792406AAB700AF983C /* Main.storyboard in Resources */ = {isa = PBXBuildFile; fileRef = 449FCF772406AAB700AF983C /* Main.storyboard */; };
		449FCF7B2406AABF00AF983C /* Assets.xcassets in Resources */ = {isa = PBXBuildFile; fileRef = 449FCF7A2406AABF00AF983C /* Assets.xcassets */; };
		449FCF7E2406AABF00AF983C /* LaunchScreen.storyboard in Resources */ = {isa = PBXBuildFile; fileRef = 449FCF7C2406AABF00AF983C /* LaunchScreen.storyboard */; };
		449FCF832406AABF00AF983C /* StopWatch WatchKit App.app in Embed Watch Content */ = {isa = PBXBuildFile; fileRef = 449FCF822406AABF00AF983C /* StopWatch WatchKit App.app */; settings = {ATTRIBUTES = (RemoveHeadersOnCopy, ); }; };
		449FCF892406AABF00AF983C /* Interface.storyboard in Resources */ = {isa = PBXBuildFile; fileRef = 449FCF872406AABF00AF983C /* Interface.storyboard */; };
		449FCF8B2406AAC200AF983C /* Assets.xcassets in Resources */ = {isa = PBXBuildFile; fileRef = 449FCF8A2406AAC200AF983C /* Assets.xcassets */; };
		449FCF922406AAC200AF983C /* StopWatch WatchKit Extension.appex in Embed App Extensions */ = {isa = PBXBuildFile; fileRef = 449FCF912406AAC200AF983C /* StopWatch WatchKit Extension.appex */; settings = {ATTRIBUTES = (RemoveHeadersOnCopy, ); }; };
		449FCF972406AAC200AF983C /* InterfaceController.swift in Sources */ = {isa = PBXBuildFile; fileRef = 449FCF962406AAC200AF983C /* InterfaceController.swift */; };
		449FCF992406AAC200AF983C /* ExtensionDelegate.swift in Sources */ = {isa = PBXBuildFile; fileRef = 449FCF982406AAC200AF983C /* ExtensionDelegate.swift */; };
		449FCF9B2406AAC200AF983C /* NotificationController.swift in Sources */ = {isa = PBXBuildFile; fileRef = 449FCF9A2406AAC200AF983C /* NotificationController.swift */; };
		449FCF9D2406AAC500AF983C /* Assets.xcassets in Resources */ = {isa = PBXBuildFile; fileRef = 449FCF9C2406AAC500AF983C /* Assets.xcassets */; };
/* End PBXBuildFile section */

/* Begin PBXContainerItemProxy section */
		449FCF842406AABF00AF983C /* PBXContainerItemProxy */ = {
			isa = PBXContainerItemProxy;
			containerPortal = 449FCF662406AAB600AF983C /* Project object */;
			proxyType = 1;
			remoteGlobalIDString = 449FCF812406AABF00AF983C;
			remoteInfo = "StopWatch WatchKit App";
		};
		449FCF932406AAC200AF983C /* PBXContainerItemProxy */ = {
			isa = PBXContainerItemProxy;
			containerPortal = 449FCF662406AAB600AF983C /* Project object */;
			proxyType = 1;
			remoteGlobalIDString = 449FCF902406AAC200AF983C;
			remoteInfo = "StopWatch WatchKit Extension";
		};
/* End PBXContainerItemProxy section */

/* Begin PBXCopyFilesBuildPhase section */
		449FCFA52406AAC500AF983C /* Embed App Extensions */ = {
			isa = PBXCopyFilesBuildPhase;
			buildActionMask = 2147483647;
			dstPath = "";
			dstSubfolderSpec = 13;
			files = (
				449FCF922406AAC200AF983C /* StopWatch WatchKit Extension.appex in Embed App Extensions */,
			);
			name = "Embed App Extensions";
			runOnlyForDeploymentPostprocessing = 0;
		};
		449FCFA92406AAC500AF983C /* Embed Watch Content */ = {
			isa = PBXCopyFilesBuildPhase;
			buildActionMask = 2147483647;
			dstPath = "$(CONTENTS_FOLDER_PATH)/Watch";
			dstSubfolderSpec = 16;
			files = (
				449FCF832406AABF00AF983C /* StopWatch WatchKit App.app in Embed Watch Content */,
			);
			name = "Embed Watch Content";
			runOnlyForDeploymentPostprocessing = 0;
		};
/* End PBXCopyFilesBuildPhase section */

/* Begin PBXFileReference section */
		449FCF6E2406AAB700AF983C /* StopWatch.app */ = {isa = PBXFileReference; explicitFileType = wrapper.application; includeInIndex = 0; path = StopWatch.app; sourceTree = BUILT_PRODUCTS_DIR; };
		449FCF712406AAB700AF983C /* AppDelegate.swift */ = {isa = PBXFileReference; lastKnownFileType = sourcecode.swift; path = AppDelegate.swift; sourceTree = "<group>"; };
		449FCF732406AAB700AF983C /* SceneDelegate.swift */ = {isa = PBXFileReference; lastKnownFileType = sourcecode.swift; path = SceneDelegate.swift; sourceTree = "<group>"; };
		449FCF752406AAB700AF983C /* ViewController.swift */ = {isa = PBXFileReference; lastKnownFileType = sourcecode.swift; path = ViewController.swift; sourceTree = "<group>"; };
		449FCF782406AAB700AF983C /* Base */ = {isa = PBXFileReference; lastKnownFileType = file.storyboard; name = Base; path = Base.lproj/Main.storyboard; sourceTree = "<group>"; };
		449FCF7A2406AABF00AF983C /* Assets.xcassets */ = {isa = PBXFileReference; lastKnownFileType = folder.assetcatalog; path = Assets.xcassets; sourceTree = "<group>"; };
		449FCF7D2406AABF00AF983C /* Base */ = {isa = PBXFileReference; lastKnownFileType = file.storyboard; name = Base; path = Base.lproj/LaunchScreen.storyboard; sourceTree = "<group>"; };
		449FCF7F2406AABF00AF983C /* Info.plist */ = {isa = PBXFileReference; lastKnownFileType = text.plist.xml; path = Info.plist; sourceTree = "<group>"; };
		449FCF822406AABF00AF983C /* StopWatch WatchKit App.app */ = {isa = PBXFileReference; explicitFileType = wrapper.application; includeInIndex = 0; path = "StopWatch WatchKit App.app"; sourceTree = BUILT_PRODUCTS_DIR; };
		449FCF882406AABF00AF983C /* Base */ = {isa = PBXFileReference; lastKnownFileType = file.storyboard; name = Base; path = Base.lproj/Interface.storyboard; sourceTree = "<group>"; };
		449FCF8A2406AAC200AF983C /* Assets.xcassets */ = {isa = PBXFileReference; lastKnownFileType = folder.assetcatalog; path = Assets.xcassets; sourceTree = "<group>"; };
		449FCF8C2406AAC200AF983C /* Info.plist */ = {isa = PBXFileReference; lastKnownFileType = text.plist.xml; path = Info.plist; sourceTree = "<group>"; };
		449FCF912406AAC200AF983C /* StopWatch WatchKit Extension.appex */ = {isa = PBXFileReference; explicitFileType = "wrapper.app-extension"; includeInIndex = 0; path = "StopWatch WatchKit Extension.appex"; sourceTree = BUILT_PRODUCTS_DIR; };
		449FCF962406AAC200AF983C /* InterfaceController.swift */ = {isa = PBXFileReference; lastKnownFileType = sourcecode.swift; path = InterfaceController.swift; sourceTree = "<group>"; };
		449FCF982406AAC200AF983C /* ExtensionDelegate.swift */ = {isa = PBXFileReference; lastKnownFileType = sourcecode.swift; path = ExtensionDelegate.swift; sourceTree = "<group>"; };
		449FCF9A2406AAC200AF983C /* NotificationController.swift */ = {isa = PBXFileReference; lastKnownFileType = sourcecode.swift; path = NotificationController.swift; sourceTree = "<group>"; };
		449FCF9C2406AAC500AF983C /* Assets.xcassets */ = {isa = PBXFileReference; lastKnownFileType = folder.assetcatalog; path = Assets.xcassets; sourceTree = "<group>"; };
		449FCF9E2406AAC500AF983C /* Info.plist */ = {isa = PBXFileReference; lastKnownFileType = text.plist.xml; path = Info.plist; sourceTree = "<group>"; };
		449FCF9F2406AAC500AF983C /* PushNotificationPayload.apns */ = {isa = PBXFileReference; lastKnownFileType = text; path = PushNotificationPayload.apns; sourceTree = "<group>"; };
/* End PBXFileReference section */

/* Begin PBXFrameworksBuildPhase section */
		449FCF6B2406AAB700AF983C /* Frameworks */ = {
			isa = PBXFrameworksBuildPhase;
			buildActionMask = 2147483647;
			files = (
			);
			runOnlyForDeploymentPostprocessing = 0;
		};
		449FCF8E2406AAC200AF983C /* Frameworks */ = {
			isa = PBXFrameworksBuildPhase;
			buildActionMask = 2147483647;
			files = (
			);
			runOnlyForDeploymentPostprocessing = 0;
		};
/* End PBXFrameworksBuildPhase section */

/* Begin PBXGroup section */
		449FCF652406AAB600AF983C = {
			isa = PBXGroup;
			children = (
				449FCF702406AAB700AF983C /* StopWatch */,
				449FCF862406AABF00AF983C /* StopWatch WatchKit App */,
				449FCF952406AAC200AF983C /* StopWatch WatchKit Extension */,
				449FCF6F2406AAB700AF983C /* Products */,
			);
			sourceTree = "<group>";
		};
		449FCF6F2406AAB700AF983C /* Products */ = {
			isa = PBXGroup;
			children = (
				449FCF6E2406AAB700AF983C /* StopWatch.app */,
				449FCF822406AABF00AF983C /* StopWatch WatchKit App.app */,
				449FCF912406AAC200AF983C /* StopWatch WatchKit Extension.appex */,
			);
			name = Products;
			sourceTree = "<group>";
		};
		449FCF702406AAB700AF983C /* StopWatch */ = {
			isa = PBXGroup;
			children = (
				449FCF712406AAB700AF983C /* AppDelegate.swift */,
				449FCF732406AAB700AF983C /* SceneDelegate.swift */,
				449FCF752406AAB700AF983C /* ViewController.swift */,
				449FCF772406AAB700AF983C /* Main.storyboard */,
				449FCF7A2406AABF00AF983C /* Assets.xcassets */,
				449FCF7C2406AABF00AF983C /* LaunchScreen.storyboard */,
				449FCF7F2406AABF00AF983C /* Info.plist */,
			);
			path = StopWatch;
			sourceTree = "<group>";
		};
		449FCF862406AABF00AF983C /* StopWatch WatchKit App */ = {
			isa = PBXGroup;
			children = (
				449FCF872406AABF00AF983C /* Interface.storyboard */,
				449FCF8A2406AAC200AF983C /* Assets.xcassets */,
				449FCF8C2406AAC200AF983C /* Info.plist */,
			);
			path = "StopWatch WatchKit App";
			sourceTree = "<group>";
		};
		449FCF952406AAC200AF983C /* StopWatch WatchKit Extension */ = {
			isa = PBXGroup;
			children = (
				449FCF962406AAC200AF983C /* InterfaceController.swift */,
				449FCF982406AAC200AF983C /* ExtensionDelegate.swift */,
				449FCF9A2406AAC200AF983C /* NotificationController.swift */,
				449FCF9C2406AAC500AF983C /* Assets.xcassets */,
				449FCF9E2406AAC500AF983C /* Info.plist */,
				449FCF9F2406AAC500AF983C /* PushNotificationPayload.apns */,
			);
			path = "StopWatch WatchKit Extension";
			sourceTree = "<group>";
		};
/* End PBXGroup section */

/* Begin PBXNativeTarget section */
		449FCF6D2406AAB700AF983C /* StopWatch */ = {
			isa = PBXNativeTarget;
			buildConfigurationList = 449FCFAA2406AAC500AF983C /* Build configuration list for PBXNativeTarget "StopWatch" */;
			buildPhases = (
				449FCF6A2406AAB700AF983C /* Sources */,
				449FCF6B2406AAB700AF983C /* Frameworks */,
				449FCF6C2406AAB700AF983C /* Resources */,
				449FCFA92406AAC500AF983C /* Embed Watch Content */,
			);
			buildRules = (
			);
			dependencies = (
				449FCF852406AABF00AF983C /* PBXTargetDependency */,
			);
			name = StopWatch;
			productName = StopWatch;
			productReference = 449FCF6E2406AAB700AF983C /* StopWatch.app */;
			productType = "com.apple.product-type.application";
		};
		449FCF812406AABF00AF983C /* StopWatch WatchKit App */ = {
			isa = PBXNativeTarget;
			buildConfigurationList = 449FCFA62406AAC500AF983C /* Build configuration list for PBXNativeTarget "StopWatch WatchKit App" */;
			buildPhases = (
				449FCF802406AABF00AF983C /* Resources */,
				449FCFA52406AAC500AF983C /* Embed App Extensions */,
			);
			buildRules = (
			);
			dependencies = (
				449FCF942406AAC200AF983C /* PBXTargetDependency */,
			);
			name = "StopWatch WatchKit App";
			productName = "StopWatch WatchKit App";
			productReference = 449FCF822406AABF00AF983C /* StopWatch WatchKit App.app */;
			productType = "com.apple.product-type.application.watchapp2";
		};
		449FCF902406AAC200AF983C /* StopWatch WatchKit Extension */ = {
			isa = PBXNativeTarget;
			buildConfigurationList = 449FCFA22406AAC500AF983C /* Build configuration list for PBXNativeTarget "StopWatch WatchKit Extension" */;
			buildPhases = (
				449FCF8D2406AAC200AF983C /* Sources */,
				449FCF8E2406AAC200AF983C /* Frameworks */,
				449FCF8F2406AAC200AF983C /* Resources */,
			);
			buildRules = (
			);
			dependencies = (
			);
			name = "StopWatch WatchKit Extension";
			productName = "StopWatch WatchKit Extension";
			productReference = 449FCF912406AAC200AF983C /* StopWatch WatchKit Extension.appex */;
			productType = "com.apple.product-type.watchkit2-extension";
		};
/* End PBXNativeTarget section */

/* Begin PBXProject section */
		449FCF662406AAB600AF983C /* Project object */ = {
			isa = PBXProject;
			attributes = {
				LastSwiftUpdateCheck = 1130;
				LastUpgradeCheck = 1130;
				ORGANIZATIONNAME = BGSMM;
				TargetAttributes = {
					449FCF6D2406AAB700AF983C = {
						CreatedOnToolsVersion = 11.3.1;
					};
					449FCF812406AABF00AF983C = {
						CreatedOnToolsVersion = 11.3.1;
					};
					449FCF902406AAC200AF983C = {
						CreatedOnToolsVersion = 11.3.1;
					};
				};
			};
			buildConfigurationList = 449FCF692406AAB600AF983C /* Build configuration list for PBXProject "StopWatch" */;
			compatibilityVersion = "Xcode 9.3";
			developmentRegion = en;
			hasScannedForEncodings = 0;
			knownRegions = (
				en,
				Base,
			);
			mainGroup = 449FCF652406AAB600AF983C;
			productRefGroup = 449FCF6F2406AAB700AF983C /* Products */;
			projectDirPath = "";
			projectRoot = "";
			targets = (
				449FCF6D2406AAB700AF983C /* StopWatch */,
				449FCF812406AABF00AF983C /* StopWatch WatchKit App */,
				449FCF902406AAC200AF983C /* StopWatch WatchKit Extension */,
			);
		};
/* End PBXProject section */

/* Begin PBXResourcesBuildPhase section */
		449FCF6C2406AAB700AF983C /* Resources */ = {
			isa = PBXResourcesBuildPhase;
			buildActionMask = 2147483647;
			files = (
				449FCF7E2406AABF00AF983C /* LaunchScreen.storyboard in Resources */,
				449FCF7B2406AABF00AF983C /* Assets.xcassets in Resources */,
				449FCF792406AAB700AF983C /* Main.storyboard in Resources */,
			);
			runOnlyForDeploymentPostprocessing = 0;
		};
		449FCF802406AABF00AF983C /* Resources */ = {
			isa = PBXResourcesBuildPhase;
			buildActionMask = 2147483647;
			files = (
				449FCF8B2406AAC200AF983C /* Assets.xcassets in Resources */,
				449FCF892406AABF00AF983C /* Interface.storyboard in Resources */,
			);
			runOnlyForDeploymentPostprocessing = 0;
		};
		449FCF8F2406AAC200AF983C /* Resources */ = {
			isa = PBXResourcesBuildPhase;
			buildActionMask = 2147483647;
			files = (
				449FCF9D2406AAC500AF983C /* Assets.xcassets in Resources */,
			);
			runOnlyForDeploymentPostprocessing = 0;
		};
/* End PBXResourcesBuildPhase section */

/* Begin PBXSourcesBuildPhase section */
		449FCF6A2406AAB700AF983C /* Sources */ = {
			isa = PBXSourcesBuildPhase;
			buildActionMask = 2147483647;
			files = (
				449FCF762406AAB700AF983C /* ViewController.swift in Sources */,
				449FCF722406AAB700AF983C /* AppDelegate.swift in Sources */,
				449FCF742406AAB700AF983C /* SceneDelegate.swift in Sources */,
			);
			runOnlyForDeploymentPostprocessing = 0;
		};
		449FCF8D2406AAC200AF983C /* Sources */ = {
			isa = PBXSourcesBuildPhase;
			buildActionMask = 2147483647;
			files = (
				449FCF9B2406AAC200AF983C /* NotificationController.swift in Sources */,
				449FCF992406AAC200AF983C /* ExtensionDelegate.swift in Sources */,
				449FCF972406AAC200AF983C /* InterfaceController.swift in Sources */,
			);
			runOnlyForDeploymentPostprocessing = 0;
		};
/* End PBXSourcesBuildPhase section */

/* Begin PBXTargetDependency section */
		449FCF852406AABF00AF983C /* PBXTargetDependency */ = {
			isa = PBXTargetDependency;
			target = 449FCF812406AABF00AF983C /* StopWatch WatchKit App */;
			targetProxy = 449FCF842406AABF00AF983C /* PBXContainerItemProxy */;
		};
		449FCF942406AAC200AF983C /* PBXTargetDependency */ = {
			isa = PBXTargetDependency;
			target = 449FCF902406AAC200AF983C /* StopWatch WatchKit Extension */;
			targetProxy = 449FCF932406AAC200AF983C /* PBXContainerItemProxy */;
		};
/* End PBXTargetDependency section */

/* Begin PBXVariantGroup section */
		449FCF772406AAB700AF983C /* Main.storyboard */ = {
			isa = PBXVariantGroup;
			children = (
				449FCF782406AAB700AF983C /* Base */,
			);
			name = Main.storyboard;
			sourceTree = "<group>";
		};
		449FCF7C2406AABF00AF983C /* LaunchScreen.storyboard */ = {
			isa = PBXVariantGroup;
			children = (
				449FCF7D2406AABF00AF983C /* Base */,
			);
			name = LaunchScreen.storyboard;
			sourceTree = "<group>";
		};
		449FCF872406AABF00AF983C /* Interface.storyboard */ = {
			isa = PBXVariantGroup;
			children = (
				449FCF882406AABF00AF983C /* Base */,
			);
			name = Interface.storyboard;
			sourceTree = "<group>";
		};
/* End PBXVariantGroup section */

/* Begin XCBuildConfiguration section */
		449FCFA02406AAC500AF983C /* Debug */ = {
			isa = XCBuildConfiguration;
			buildSettings = {
				ALWAYS_SEARCH_USER_PATHS = NO;
				CLANG_ANALYZER_NONNULL = YES;
				CLANG_ANALYZER_NUMBER_OBJECT_CONVERSION = YES_AGGRESSIVE;
				CLANG_CXX_LANGUAGE_STANDARD = "gnu++14";
				CLANG_CXX_LIBRARY = "libc++";
				CLANG_ENABLE_MODULES = YES;
				CLANG_ENABLE_OBJC_ARC = YES;
				CLANG_ENABLE_OBJC_WEAK = YES;
				CLANG_WARN_BLOCK_CAPTURE_AUTORELEASING = YES;
				CLANG_WARN_BOOL_CONVERSION = YES;
				CLANG_WARN_COMMA = YES;
				CLANG_WARN_CONSTANT_CONVERSION = YES;
				CLANG_WARN_DEPRECATED_OBJC_IMPLEMENTATIONS = YES;
				CLANG_WARN_DIRECT_OBJC_ISA_USAGE = YES_ERROR;
				CLANG_WARN_DOCUMENTATION_COMMENTS = YES;
				CLANG_WARN_EMPTY_BODY = YES;
				CLANG_WARN_ENUM_CONVERSION = YES;
				CLANG_WARN_INFINITE_RECURSION = YES;
				CLANG_WARN_INT_CONVERSION = YES;
				CLANG_WARN_NON_LITERAL_NULL_CONVERSION = YES;
				CLANG_WARN_OBJC_IMPLICIT_RETAIN_SELF = YES;
				CLANG_WARN_OBJC_LITERAL_CONVERSION = YES;
				CLANG_WARN_OBJC_ROOT_CLASS = YES_ERROR;
				CLANG_WARN_RANGE_LOOP_ANALYSIS = YES;
				CLANG_WARN_STRICT_PROTOTYPES = YES;
				CLANG_WARN_SUSPICIOUS_MOVE = YES;
				CLANG_WARN_UNGUARDED_AVAILABILITY = YES_AGGRESSIVE;
				CLANG_WARN_UNREACHABLE_CODE = YES;
				CLANG_WARN__DUPLICATE_METHOD_MATCH = YES;
				COPY_PHASE_STRIP = NO;
				DEBUG_INFORMATION_FORMAT = dwarf;
				ENABLE_STRICT_OBJC_MSGSEND = YES;
				ENABLE_TESTABILITY = YES;
				GCC_C_LANGUAGE_STANDARD = gnu11;
				GCC_DYNAMIC_NO_PIC = NO;
				GCC_NO_COMMON_BLOCKS = YES;
				GCC_OPTIMIZATION_LEVEL = 0;
				GCC_PREPROCESSOR_DEFINITIONS = (
					"DEBUG=1",
					"$(inherited)",
				);
				GCC_WARN_64_TO_32_BIT_CONVERSION = YES;
				GCC_WARN_ABOUT_RETURN_TYPE = YES_ERROR;
				GCC_WARN_UNDECLARED_SELECTOR = YES;
				GCC_WARN_UNINITIALIZED_AUTOS = YES_AGGRESSIVE;
				GCC_WARN_UNUSED_FUNCTION = YES;
				GCC_WARN_UNUSED_VARIABLE = YES;
				IPHONEOS_DEPLOYMENT_TARGET = 13.2;
				MTL_ENABLE_DEBUG_INFO = INCLUDE_SOURCE;
				MTL_FAST_MATH = YES;
				ONLY_ACTIVE_ARCH = YES;
				SDKROOT = iphoneos;
				SWIFT_ACTIVE_COMPILATION_CONDITIONS = DEBUG;
				SWIFT_OPTIMIZATION_LEVEL = "-Onone";
			};
			name = Debug;
		};
		449FCFA12406AAC500AF983C /* Release */ = {
			isa = XCBuildConfiguration;
			buildSettings = {
				ALWAYS_SEARCH_USER_PATHS = NO;
				CLANG_ANALYZER_NONNULL = YES;
				CLANG_ANALYZER_NUMBER_OBJECT_CONVERSION = YES_AGGRESSIVE;
				CLANG_CXX_LANGUAGE_STANDARD = "gnu++14";
				CLANG_CXX_LIBRARY = "libc++";
				CLANG_ENABLE_MODULES = YES;
				CLANG_ENABLE_OBJC_ARC = YES;
				CLANG_ENABLE_OBJC_WEAK = YES;
				CLANG_WARN_BLOCK_CAPTURE_AUTORELEASING = YES;
				CLANG_WARN_BOOL_CONVERSION = YES;
				CLANG_WARN_COMMA = YES;
				CLANG_WARN_CONSTANT_CONVERSION = YES;
				CLANG_WARN_DEPRECATED_OBJC_IMPLEMENTATIONS = YES;
				CLANG_WARN_DIRECT_OBJC_ISA_USAGE = YES_ERROR;
				CLANG_WARN_DOCUMENTATION_COMMENTS = YES;
				CLANG_WARN_EMPTY_BODY = YES;
				CLANG_WARN_ENUM_CONVERSION = YES;
				CLANG_WARN_INFINITE_RECURSION = YES;
				CLANG_WARN_INT_CONVERSION = YES;
				CLANG_WARN_NON_LITERAL_NULL_CONVERSION = YES;
				CLANG_WARN_OBJC_IMPLICIT_RETAIN_SELF = YES;
				CLANG_WARN_OBJC_LITERAL_CONVERSION = YES;
				CLANG_WARN_OBJC_ROOT_CLASS = YES_ERROR;
				CLANG_WARN_RANGE_LOOP_ANALYSIS = YES;
				CLANG_WARN_STRICT_PROTOTYPES = YES;
				CLANG_WARN_SUSPICIOUS_MOVE = YES;
				CLANG_WARN_UNGUARDED_AVAILABILITY = YES_AGGRESSIVE;
				CLANG_WARN_UNREACHABLE_CODE = YES;
				CLANG_WARN__DUPLICATE_METHOD_MATCH = YES;
				COPY_PHASE_STRIP = NO;
				DEBUG_INFORMATION_FORMAT = "dwarf-with-dsym";
				ENABLE_NS_ASSERTIONS = NO;
				ENABLE_STRICT_OBJC_MSGSEND = YES;
				GCC_C_LANGUAGE_STANDARD = gnu11;
				GCC_NO_COMMON_BLOCKS = YES;
				GCC_WARN_64_TO_32_BIT_CONVERSION = YES;
				GCC_WARN_ABOUT_RETURN_TYPE = YES_ERROR;
				GCC_WARN_UNDECLARED_SELECTOR = YES;
				GCC_WARN_UNINITIALIZED_AUTOS = YES_AGGRESSIVE;
				GCC_WARN_UNUSED_FUNCTION = YES;
				GCC_WARN_UNUSED_VARIABLE = YES;
				IPHONEOS_DEPLOYMENT_TARGET = 13.2;
				MTL_ENABLE_DEBUG_INFO = NO;
				MTL_FAST_MATH = YES;
				SDKROOT = iphoneos;
				SWIFT_COMPILATION_MODE = wholemodule;
				SWIFT_OPTIMIZATION_LEVEL = "-O";
				VALIDATE_PRODUCT = YES;
			};
			name = Release;
		};
		449FCFA32406AAC500AF983C /* Debug */ = {
			isa = XCBuildConfiguration;
			buildSettings = {
				ASSETCATALOG_COMPILER_COMPLICATION_NAME = Complication;
				CODE_SIGN_STYLE = Automatic;
				INFOPLIST_FILE = "StopWatch WatchKit Extension/Info.plist";
				LD_RUNPATH_SEARCH_PATHS = (
					"$(inherited)",
					"@executable_path/Frameworks",
					"@executable_path/../../Frameworks",
				);
				PRODUCT_BUNDLE_IDENTIFIER = com.bgsmm.StopWatch.watchkitapp.watchkitextension;
				PRODUCT_NAME = "${TARGET_NAME}";
				SDKROOT = watchos;
				SKIP_INSTALL = YES;
				SWIFT_VERSION = 5.0;
				TARGETED_DEVICE_FAMILY = 4;
				WATCHOS_DEPLOYMENT_TARGET = 6.1;
			};
			name = Debug;
		};
		449FCFA42406AAC500AF983C /* Release */ = {
			isa = XCBuildConfiguration;
			buildSettings = {
				ASSETCATALOG_COMPILER_COMPLICATION_NAME = Complication;
				CODE_SIGN_STYLE = Automatic;
				INFOPLIST_FILE = "StopWatch WatchKit Extension/Info.plist";
				LD_RUNPATH_SEARCH_PATHS = (
					"$(inherited)",
					"@executable_path/Frameworks",
					"@executable_path/../../Frameworks",
				);
				PRODUCT_BUNDLE_IDENTIFIER = com.bgsmm.StopWatch.watchkitapp.watchkitextension;
				PRODUCT_NAME = "${TARGET_NAME}";
				SDKROOT = watchos;
				SKIP_INSTALL = YES;
				SWIFT_VERSION = 5.0;
				TARGETED_DEVICE_FAMILY = 4;
				WATCHOS_DEPLOYMENT_TARGET = 6.1;
			};
			name = Release;
		};
		449FCFA72406AAC500AF983C /* Debug */ = {
			isa = XCBuildConfiguration;
			buildSettings = {
				ALWAYS_EMBED_SWIFT_STANDARD_LIBRARIES = YES;
				ASSETCATALOG_COMPILER_APPICON_NAME = AppIcon;
				CODE_SIGN_STYLE = Automatic;
				IBSC_MODULE = StopWatch_WatchKit_Extension;
				INFOPLIST_FILE = "StopWatch WatchKit App/Info.plist";
				PRODUCT_BUNDLE_IDENTIFIER = com.bgsmm.StopWatch.watchkitapp;
				PRODUCT_NAME = "$(TARGET_NAME)";
				SDKROOT = watchos;
				SKIP_INSTALL = YES;
				SWIFT_VERSION = 5.0;
				TARGETED_DEVICE_FAMILY = 4;
				WATCHOS_DEPLOYMENT_TARGET = 6.1;
			};
			name = Debug;
		};
		449FCFA82406AAC500AF983C /* Release */ = {
			isa = XCBuildConfiguration;
			buildSettings = {
				ALWAYS_EMBED_SWIFT_STANDARD_LIBRARIES = YES;
				ASSETCATALOG_COMPILER_APPICON_NAME = AppIcon;
				CODE_SIGN_STYLE = Automatic;
				IBSC_MODULE = StopWatch_WatchKit_Extension;
				INFOPLIST_FILE = "StopWatch WatchKit App/Info.plist";
				PRODUCT_BUNDLE_IDENTIFIER = com.bgsmm.StopWatch.watchkitapp;
				PRODUCT_NAME = "$(TARGET_NAME)";
				SDKROOT = watchos;
				SKIP_INSTALL = YES;
				SWIFT_VERSION = 5.0;
				TARGETED_DEVICE_FAMILY = 4;
				WATCHOS_DEPLOYMENT_TARGET = 6.1;
			};
			name = Release;
		};
		449FCFAB2406AAC500AF983C /* Debug */ = {
			isa = XCBuildConfiguration;
			buildSettings = {
				ASSETCATALOG_COMPILER_APPICON_NAME = AppIcon;
				CODE_SIGN_STYLE = Automatic;
				INFOPLIST_FILE = StopWatch/Info.plist;
				LD_RUNPATH_SEARCH_PATHS = (
					"$(inherited)",
					"@executable_path/Frameworks",
				);
				PRODUCT_BUNDLE_IDENTIFIER = com.bgsmm.StopWatch;
				PRODUCT_NAME = "$(TARGET_NAME)";
				SWIFT_VERSION = 5.0;
				TARGETED_DEVICE_FAMILY = "1,2";
			};
			name = Debug;
		};
		449FCFAC2406AAC500AF983C /* Release */ = {
			isa = XCBuildConfiguration;
			buildSettings = {
				ASSETCATALOG_COMPILER_APPICON_NAME = AppIcon;
				CODE_SIGN_STYLE = Automatic;
				INFOPLIST_FILE = StopWatch/Info.plist;
				LD_RUNPATH_SEARCH_PATHS = (
					"$(inherited)",
					"@executable_path/Frameworks",
				);
				PRODUCT_BUNDLE_IDENTIFIER = com.bgsmm.StopWatch;
				PRODUCT_NAME = "$(TARGET_NAME)";
				SWIFT_VERSION = 5.0;
				TARGETED_DEVICE_FAMILY = "1,2";
			};
			name = Release;
		};
/* End XCBuildConfiguration section */

/* Begin XCConfigurationList section */
		449FCF692406AAB600AF983C /* Build configuration list for PBXProject "StopWatch" */ = {
			isa = XCConfigurationList;
			buildConfigurations = (
				449FCFA02406AAC500AF983C /* Debug */,
				449FCFA12406AAC500AF983C /* Release */,
			);
			defaultConfigurationIsVisible = 0;
			defaultConfigurationName = Release;
		};
		449FCFA22406AAC500AF983C /* Build configuration list for PBXNativeTarget "StopWatch WatchKit Extension" */ = {
			isa = XCConfigurationList;
			buildConfigurations = (
				449FCFA32406AAC500AF983C /* Debug */,
				449FCFA42406AAC500AF983C /* Release */,
			);
			defaultConfigurationIsVisible = 0;
			defaultConfigurationName = Release;
		};
		449FCFA62406AAC500AF983C /* Build configuration list for PBXNativeTarget "StopWatch WatchKit App" */ = {
			isa = XCConfigurationList;
			buildConfigurations = (
				449FCFA72406AAC500AF983C /* Debug */,
				449FCFA82406AAC500AF983C /* Release */,
			);
			defaultConfigurationIsVisible = 0;
			defaultConfigurationName = Release;
		};
		449FCFAA2406AAC500AF983C /* Build configuration list for PBXNativeTarget "StopWatch" */ = {
			isa = XCConfigurationList;
			buildConfigurations = (
				449FCFAB2406AAC500AF983C /* Debug */,
				449FCFAC2406AAC500AF983C /* Release */,
			);
			defaultConfigurationIsVisible = 0;
			defaultConfigurationName = Release;
		};
/* End XCConfigurationList section */
	};
	rootObject = 449FCF662406AAB600AF983C /* Project object */;
}
